
Microsoft Visual Studio Solution File, Format Version 12.00
# Visual Studio Version 17
VisualStudioVersion = 17.11.35312.102
MinimumVisualStudioVersion = 10.0.40219.1
Project("{FAE04EC0-301F-11D3-BF4B-00C04F79EFBC}") = "TFP_SensorDataLib", "TFP_SensorDataLib\TFP_SensorDataLib.csproj", "{8AE26F74-0230-4535-8CF9-7642E8F7A54C}"
EndProject
Project("{FAE04EC0-301F-11D3-BF4B-00C04F79EFBC}") = "TFP_SensorDataLibTests", "TFP_SensorDataLibTests\TFP_SensorDataLibTests.csproj", "{B7130BC1-7A5B-4359-A749-612F00F8B552}"
EndProject
Global
	GlobalSection(SolutionConfigurationPlatforms) = preSolution
		Debug|Any CPU = Debug|Any CPU
		Release|Any CPU = Release|Any CPU
	EndGlobalSection
	GlobalSection(ProjectConfigurationPlatforms) = postSolution
		{8AE26F74-0230-4535-8CF9-7642E8F7A54C}.Debug|Any CPU.ActiveCfg = Debug|Any CPU
		{8AE26F74-0230-4535-8CF9-7642E8F7A54C}.Debug|Any CPU.Build.0 = Debug|Any CPU
		{8AE26F74-0230-4535-8CF9-7642E8F7A54C}.Release|Any CPU.ActiveCfg = Release|Any CPU
		{8AE26F74-0230-4535-8CF9-7642E8F7A54C}.Release|Any CPU.Build.0 = Release|Any CPU
		{B7130BC1-7A5B-4359-A749-612F00F8B552}.Debug|Any CPU.ActiveCfg = Debug|Any CPU
		{B7130BC1-7A5B-4359-A749-612F00F8B552}.Debug|Any CPU.Build.0 = Debug|Any CPU
		{B7130BC1-7A5B-4359-A749-612F00F8B552}.Release|Any CPU.ActiveCfg = Release|Any CPU
		{B7130BC1-7A5B-4359-A749-612F00F8B552}.Release|Any CPU.Build.0 = Release|Any CPU
	EndGlobalSection
	GlobalSection(SolutionProperties) = preSolution
		HideSolutionNode = FALSE
	EndGlobalSection
	GlobalSection(ExtensibilityGlobals) = postSolution
		SolutionGuid = {CCFB26F3-7BC6-4FC1-BE09-7EFE5DB0E65A}
	EndGlobalSection
EndGlobal
